
Microsoft Visual Studio Solution File, Format Version 12.00
# Visual Studio Version 16
VisualStudioVersion = 16.0.31515.178
MinimumVisualStudioVersion = 10.0.40219.1
Project("{9A19103F-16F7-4668-BE54-9A1E7A4F7556}") = "ReclaimReuseRecycle", "ReclaimReuseRecycle\ReclaimReuseRecycle.csproj", "{1AC8C55D-C840-4ADF-BE16-2F5EF3F3A601}"
EndProject
Global
	GlobalSection(SolutionConfigurationPlatforms) = preSolution
		Debug|Any CPU = Debug|Any CPU
		Release|Any CPU = Release|Any CPU
	EndGlobalSection
	GlobalSection(ProjectConfigurationPlatforms) = postSolution
		{1AC8C55D-C840-4ADF-BE16-2F5EF3F3A601}.Debug|Any CPU.ActiveCfg = Debug|Any CPU
		{1AC8C55D-C840-4ADF-BE16-2F5EF3F3A601}.Debug|Any CPU.Build.0 = Debug|Any CPU
		{1AC8C55D-C840-4ADF-BE16-2F5EF3F3A601}.Release|Any CPU.ActiveCfg = Release|Any CPU
		{1AC8C55D-C840-4ADF-BE16-2F5EF3F3A601}.Release|Any CPU.Build.0 = Release|Any CPU
	EndGlobalSection
	GlobalSection(SolutionProperties) = preSolution
		HideSolutionNode = FALSE
	EndGlobalSection
	GlobalSection(ExtensibilityGlobals) = postSolution
		SolutionGuid = {C27D6509-1B1C-4F34-9903-B90641784251}
	EndGlobalSection
EndGlobal
